{
    "version": 3,
    "terraform_version": "0.11.3",
    "serial": 10,
    "lineage": "2fdb71d9-d4ff-4f7f-8f9d-2f8d1d360e6f",
    "modules": [
        {
            "path": [
                "root"
            ],
            "outputs": {},
            "resources": {
                "aws_db_instance.aqa_db": {
                    "type": "aws_db_instance",
                    "depends_on": [],
                    "primary": {
                        "id": "aqa",
                        "attributes": {
                            "address": "aqa.cek8wjwn06iu.us-west-2.rds.amazonaws.com",
                            "allocated_storage": "20",
                            "arn": "arn:aws:rds:us-west-2:834456975904:db:aqa",
                            "auto_minor_version_upgrade": "true",
                            "availability_zone": "us-west-2b",
                            "backup_retention_period": "31",
                            "backup_window": "13:05-13:35",
                            "ca_cert_identifier": "rds-ca-2015",
                            "copy_tags_to_snapshot": "false",
                            "db_subnet_group_name": "default",
                            "endpoint": "aqa.cek8wjwn06iu.us-west-2.rds.amazonaws.com:5432",
                            "engine": "postgres",
                            "engine_version": "9.6.1",
                            "hosted_zone_id": "Z1PVIF0B656C1W",
                            "iam_database_authentication_enabled": "false",
                            "id": "aqa",
                            "identifier": "aqa",
                            "instance_class": "db.t2.micro",
                            "iops": "0",
                            "kms_key_id": "",
                            "license_model": "postgresql-license",
                            "maintenance_window": "fri:06:35-fri:07:05",
                            "monitoring_interval": "0",
                            "multi_az": "false",
                            "name": "",
                            "option_group_name": "default:postgres-9-6",
                            "parameter_group_name": "aqa",
                            "port": "5432",
                            "publicly_accessible": "true",
                            "replicas.#": "0",
                            "replicate_source_db": "",
                            "resource_id": "db-IB6UXMZF6OJF2L2LJHPX2ZR4LA",
                            "security_group_names.#": "0",
                            "skip_final_snapshot": "true",
                            "status": "available",
                            "storage_encrypted": "false",
                            "storage_type": "standard",
                            "tags.%": "1",
                            "tags.workload-type": "other",
                            "timezone": "",
                            "username": "aqa",
                            "vpc_security_group_ids.#": "1",
                            "vpc_security_group_ids.2082398739": "sg-944220ec"
                        },
                        "meta": {},
                        "tainted": false
                    },
                    "deposed": [],
                    "provider": "provider.aws"
                },
                "aws_db_instance.aqa_db_test": {
                    "type": "aws_db_instance",
                    "depends_on": [],
                    "primary": {
                        "id": "aqatest",
                        "attributes": {
                            "address": "aqatest.cek8wjwn06iu.us-west-2.rds.amazonaws.com",
                            "allocated_storage": "20",
                            "arn": "arn:aws:rds:us-west-2:834456975904:db:aqatest",
                            "auto_minor_version_upgrade": "true",
                            "availability_zone": "us-west-2b",
                            "backup_retention_period": "31",
                            "backup_window": "13:05-13:35",
                            "ca_cert_identifier": "rds-ca-2015",
                            "copy_tags_to_snapshot": "false",
                            "db_subnet_group_name": "default",
                            "endpoint": "aqatest.cek8wjwn06iu.us-west-2.rds.amazonaws.com:5432",
                            "engine": "postgres",
                            "engine_version": "9.6.6",
                            "hosted_zone_id": "Z1PVIF0B656C1W",
                            "iam_database_authentication_enabled": "false",
                            "id": "aqatest",
                            "identifier": "aqatest",
                            "instance_class": "db.t2.micro",
                            "iops": "0",
                            "kms_key_id": "",
                            "license_model": "postgresql-license",
                            "maintenance_window": "fri:06:35-fri:07:05",
                            "monitoring_interval": "0",
                            "multi_az": "false",
                            "name": "",
                            "option_group_name": "default:postgres-9-6",
                            "parameter_group_name": "default.postgres9.6",
                            "port": "5432",
                            "publicly_accessible": "true",
                            "replicas.#": "0",
                            "replicate_source_db": "",
                            "resource_id": "db-VDWNRRO34VOMQC27YIJH5CESUU",
                            "security_group_names.#": "0",
                            "skip_final_snapshot": "true",
                            "status": "available",
                            "storage_encrypted": "false",
                            "storage_type": "standard",
                            "tags.%": "1",
                            "tags.workload-type": "other",
                            "timezone": "",
                            "username": "aqa",
                            "vpc_security_group_ids.#": "1",
                            "vpc_security_group_ids.3061732578": "sg-368fee4e"
                        },
                        "meta": {
                            "e2bfb730-ecaa-11e6-8f88-34363bc7c4c0": {
                                "create": 2400000000000,
                                "delete": 2400000000000,
                                "update": 4800000000000
                            }
                        },
                        "tainted": false
                    },
                    "deposed": [],
                    "provider": "provider.aws"
                },
                "aws_eip.aqa_ip": {
                    "type": "aws_eip",
                    "depends_on": [],
                    "primary": {
                        "id": "eipalloc-de9697b9",
                        "attributes": {
                            "association_id": "eipassoc-beddb9c4",
                            "domain": "vpc",
                            "id": "eipalloc-de9697b9",
                            "instance": "i-0922f98f35beab8e3",
                            "network_interface": "eni-c63e9c84",
                            "private_ip": "172.31.43.98",
                            "public_ip": "52.35.144.128",
                            "tags.%": "0",
                            "vpc": "true"
                        },
                        "meta": {},
                        "tainted": false
                    },
                    "deposed": [],
                    "provider": "provider.aws"
                },
                "aws_instance.AQA": {
                    "type": "aws_instance",
                    "depends_on": [],
                    "primary": {
                        "id": "i-0922f98f35beab8e3",
                        "attributes": {
                            "ami": "ami-1562d075",
                            "associate_public_ip_address": "true",
                            "availability_zone": "us-west-2b",
                            "disable_api_termination": "false",
                            "ebs_block_device.#": "0",
                            "ebs_optimized": "false",
                            "ephemeral_block_device.#": "0",
                            "iam_instance_profile": "",
                            "id": "i-0922f98f35beab8e3",
                            "instance_state": "running",
                            "instance_type": "t2.micro",
                            "ipv6_addresses.#": "0",
                            "key_name": "AQA",
                            "monitoring": "false",
                            "network_interface.#": "0",
                            "network_interface_id": "eni-c63e9c84",
                            "placement_group": "",
                            "primary_network_interface_id": "eni-c63e9c84",
                            "private_dns": "ip-172-31-43-98.us-west-2.compute.internal",
                            "private_ip": "172.31.43.98",
                            "public_dns": "ec2-52-35-144-128.us-west-2.compute.amazonaws.com",
                            "public_ip": "52.35.144.128",
                            "root_block_device.#": "1",
                            "root_block_device.0.delete_on_termination": "true",
                            "root_block_device.0.iops": "100",
                            "root_block_device.0.volume_id": "vol-0e5cb4cc541b09f6a",
                            "root_block_device.0.volume_size": "30",
                            "root_block_device.0.volume_type": "gp2",
                            "security_groups.#": "2",
                            "security_groups.1862793273": "RDP",
                            "security_groups.642884339": "HTTPonly",
                            "source_dest_check": "true",
                            "subnet_id": "subnet-f0b27cb9",
                            "tags.%": "1",
                            "tags.Name": "AQA",
                            "tenancy": "default",
                            "volume_tags.%": "0",
                            "vpc_security_group_ids.#": "2",
                            "vpc_security_group_ids.2778169385": "sg-774e0e0f",
                            "vpc_security_group_ids.3620166465": "sg-824c0cfa"
                        },
                        "meta": {
                            "schema_version": "1"
                        },
                        "tainted": false
                    },
                    "deposed": [],
                    "provider": "provider.aws"
                },
                "aws_instance.AQATest": {
                    "type": "aws_instance",
                    "depends_on": [],
                    "primary": {
                        "id": "i-0f401d3d7c82ee45a",
                        "attributes": {
                            "ami": "ami-cbce62b3",
                            "associate_public_ip_address": "true",
                            "availability_zone": "us-west-2a",
                            "disable_api_termination": "false",
                            "ebs_block_device.#": "0",
                            "ebs_optimized": "false",
                            "ephemeral_block_device.#": "0",
                            "iam_instance_profile": "",
                            "id": "i-0f401d3d7c82ee45a",
                            "instance_state": "running",
                            "instance_type": "t2.micro",
                            "ipv6_addresses.#": "0",
                            "key_name": "aqa_backup",
                            "monitoring": "false",
                            "network_interface.#": "0",
                            "network_interface_id": "eni-e4614ec7",
                            "placement_group": "",
                            "primary_network_interface_id": "eni-e4614ec7",
                            "private_dns": "ip-172-31-28-111.us-west-2.compute.internal",
                            "private_ip": "172.31.28.111",
                            "public_dns": "ec2-52-33-91-156.us-west-2.compute.amazonaws.com",
                            "public_ip": "52.33.91.156",
                            "root_block_device.#": "1",
                            "root_block_device.0.delete_on_termination": "false",
                            "root_block_device.0.iops": "0",
                            "root_block_device.0.volume_id": "vol-0c7594a9807a20bf7",
                            "root_block_device.0.volume_size": "30",
                            "root_block_device.0.volume_type": "standard",
                            "security_groups.#": "1",
                            "security_groups.2525401260": "launch-wizard-1",
                            "source_dest_check": "true",
                            "subnet_id": "subnet-55902432",
                            "tags.%": "1",
                            "tags.Name": "AQATest",
                            "tenancy": "default",
                            "volume_tags.%": "0",
                            "vpc_security_group_ids.#": "1",
                            "vpc_security_group_ids.3273187572": "sg-6684eb1a"
                        },
                        "meta": {
                            "schema_version": "1"
                        },
                        "tainted": false
                    },
                    "deposed": [],
                    "provider": "provider.aws"
                },
                "aws_route53_zone.aqa_route": {
                    "type": "aws_route53_zone",
                    "depends_on": [],
                    "primary": {
                        "id": "Z2EXPG3EISFNO6",
                        "attributes": {
                            "comment": "Managed by Terraform",
                            "force_destroy": "false",
                            "id": "Z2EXPG3EISFNO6",
                            "name": "automatedqualityassurance.org.",
                            "name_servers.#": "4",
                            "name_servers.0": "ns-1224.awsdns-25.org",
                            "name_servers.1": "ns-1945.awsdns-51.co.uk",
                            "name_servers.2": "ns-367.awsdns-45.com",
                            "name_servers.3": "ns-939.awsdns-53.net",
                            "tags.%": "0",
                            "zone_id": "Z2EXPG3EISFNO6"
                        },
                        "meta": {},
                        "tainted": false
                    },
                    "deposed": [],
                    "provider": "provider.aws"
                },
                "aws_vpc.AQAVpc": {
                    "type": "aws_vpc",
                    "depends_on": [],
                    "primary": {
                        "id": "vpc-f440d393",
                        "attributes": {
                            "assign_generated_ipv6_cidr_block": "false",
                            "cidr_block": "172.31.0.0/16",
                            "default_network_acl_id": "acl-cc1250ab",
                            "default_route_table_id": "rtb-64eadd03",
                            "default_security_group_id": "sg-368fee4e",
                            "dhcp_options_id": "dopt-6eac4209",
                            "enable_classiclink": "false",
                            "enable_classiclink_dns_support": "false",
                            "enable_dns_hostnames": "true",
                            "enable_dns_support": "true",
                            "id": "vpc-f440d393",
                            "instance_tenancy": "default",
                            "main_route_table_id": "rtb-64eadd03",
                            "tags.%": "0"
                        },
                        "meta": {
                            "schema_version": "1"
                        },
                        "tainted": false
                    },
                    "deposed": [],
                    "provider": "provider.aws"
                }
            },
            "depends_on": []
        }
    ]
}
